// !$*UTF8*$!
{
	archiveVersion = 1;
	classes = {
	};
	objectVersion = 50;
	objects = {

/* Begin PBXBuildFile section */
		BA6F164D284A230B00C82F77 /* PizzaApp.swift in Sources */ = {isa = PBXBuildFile; fileRef = BA6F164C284A230B00C82F77 /* PizzaApp.swift */; };
		BA6F164F284A230B00C82F77 /* ContentView.swift in Sources */ = {isa = PBXBuildFile; fileRef = BA6F164E284A230B00C82F77 /* ContentView.swift */; };
		BA6F1651284A230C00C82F77 /* Assets.xcassets in Resources */ = {isa = PBXBuildFile; fileRef = BA6F1650284A230C00C82F77 /* Assets.xcassets */; };
		BA6F1654284A230C00C82F77 /* Preview Assets.xcassets in Resources */ = {isa = PBXBuildFile; fileRef = BA6F1653284A230C00C82F77 /* Preview Assets.xcassets */; };
		BA6F165F284A230D00C82F77 /* PizzaTests.swift in Sources */ = {isa = PBXBuildFile; fileRef = BA6F165E284A230D00C82F77 /* PizzaTests.swift */; };
		BA6F166A284A230D00C82F77 /* PizzaUITests.swift in Sources */ = {isa = PBXBuildFile; fileRef = BA6F1669284A230D00C82F77 /* PizzaUITests.swift */; };
/* End PBXBuildFile section */

/* Begin PBXContainerItemProxy section */
		BA6F165B284A230D00C82F77 /* PBXContainerItemProxy */ = {
			isa = PBXContainerItemProxy;
			containerPortal = BA6F1641284A230B00C82F77 /* Project object */;
			proxyType = 1;
			remoteGlobalIDString = BA6F1648284A230B00C82F77;
			remoteInfo = Pizza;
		};
		BA6F1666284A230D00C82F77 /* PBXContainerItemProxy */ = {
			isa = PBXContainerItemProxy;
			containerPortal = BA6F1641284A230B00C82F77 /* Project object */;
			proxyType = 1;
			remoteGlobalIDString = BA6F1648284A230B00C82F77;
			remoteInfo = Pizza;
		};
/* End PBXContainerItemProxy section */

/* Begin PBXFileReference section */
		BA6F1649284A230B00C82F77 /* Pizza.app */ = {isa = PBXFileReference; explicitFileType = wrapper.application; includeInIndex = 0; path = Pizza.app; sourceTree = BUILT_PRODUCTS_DIR; };
		BA6F164C284A230B00C82F77 /* PizzaApp.swift */ = {isa = PBXFileReference; lastKnownFileType = sourcecode.swift; path = PizzaApp.swift; sourceTree = "<group>"; };
		BA6F164E284A230B00C82F77 /* ContentView.swift */ = {isa = PBXFileReference; lastKnownFileType = sourcecode.swift; path = ContentView.swift; sourceTree = "<group>"; };
		BA6F1650284A230C00C82F77 /* Assets.xcassets */ = {isa = PBXFileReference; lastKnownFileType = folder.assetcatalog; path = Assets.xcassets; sourceTree = "<group>"; };
		BA6F1653284A230C00C82F77 /* Preview Assets.xcassets */ = {isa = PBXFileReference; lastKnownFileType = folder.assetcatalog; path = "Preview Assets.xcassets"; sourceTree = "<group>"; };
		BA6F1655284A230C00C82F77 /* Info.plist */ = {isa = PBXFileReference; lastKnownFileType = text.plist.xml; path = Info.plist; sourceTree = "<group>"; };
		BA6F165A284A230D00C82F77 /* PizzaTests.xctest */ = {isa = PBXFileReference; explicitFileType = wrapper.cfbundle; includeInIndex = 0; path = PizzaTests.xctest; sourceTree = BUILT_PRODUCTS_DIR; };
		BA6F165E284A230D00C82F77 /* PizzaTests.swift */ = {isa = PBXFileReference; lastKnownFileType = sourcecode.swift; path = PizzaTests.swift; sourceTree = "<group>"; };
		BA6F1660284A230D00C82F77 /* Info.plist */ = {isa = PBXFileReference; lastKnownFileType = text.plist.xml; path = Info.plist; sourceTree = "<group>"; };
		BA6F1665284A230D00C82F77 /* PizzaUITests.xctest */ = {isa = PBXFileReference; explicitFileType = wrapper.cfbundle; includeInIndex = 0; path = PizzaUITests.xctest; sourceTree = BUILT_PRODUCTS_DIR; };
		BA6F1669284A230D00C82F77 /* PizzaUITests.swift */ = {isa = PBXFileReference; lastKnownFileType = sourcecode.swift; path = PizzaUITests.swift; sourceTree = "<group>"; };
		BA6F166B284A230D00C82F77 /* Info.plist */ = {isa = PBXFileReference; lastKnownFileType = text.plist.xml; path = Info.plist; sourceTree = "<group>"; };
/* End PBXFileReference section */

/* Begin PBXFrameworksBuildPhase section */
		BA6F1646284A230B00C82F77 /* Frameworks */ = {
			isa = PBXFrameworksBuildPhase;
			buildActionMask = 2147483647;
			files = (
			);
			runOnlyForDeploymentPostprocessing = 0;
		};
		BA6F1657284A230D00C82F77 /* Frameworks */ = {
			isa = PBXFrameworksBuildPhase;
			buildActionMask = 2147483647;
			files = (
			);
			runOnlyForDeploymentPostprocessing = 0;
		};
		BA6F1662284A230D00C82F77 /* Frameworks */ = {
			isa = PBXFrameworksBuildPhase;
			buildActionMask = 2147483647;
			files = (
			);
			runOnlyForDeploymentPostprocessing = 0;
		};
/* End PBXFrameworksBuildPhase section */

/* Begin PBXGroup section */
		BA6F1640284A230B00C82F77 = {
			isa = PBXGroup;
			children = (
				BA6F164B284A230B00C82F77 /* Pizza */,
				BA6F165D284A230D00C82F77 /* PizzaTests */,
				BA6F1668284A230D00C82F77 /* PizzaUITests */,
				BA6F164A284A230B00C82F77 /* Products */,
			);
			sourceTree = "<group>";
		};
		BA6F164A284A230B00C82F77 /* Products */ = {
			isa = PBXGroup;
			children = (
				BA6F1649284A230B00C82F77 /* Pizza.app */,
				BA6F165A284A230D00C82F77 /* PizzaTests.xctest */,
				BA6F1665284A230D00C82F77 /* PizzaUITests.xctest */,
			);
			name = Products;
			sourceTree = "<group>";
		};
		BA6F164B284A230B00C82F77 /* Pizza */ = {
			isa = PBXGroup;
			children = (
				BA6F164C284A230B00C82F77 /* PizzaApp.swift */,
				BA6F164E284A230B00C82F77 /* ContentView.swift */,
				BA6F1650284A230C00C82F77 /* Assets.xcassets */,
				BA6F1655284A230C00C82F77 /* Info.plist */,
				BA6F1652284A230C00C82F77 /* Preview Content */,
			);
			path = Pizza;
			sourceTree = "<group>";
		};
		BA6F1652284A230C00C82F77 /* Preview Content */ = {
			isa = PBXGroup;
			children = (
				BA6F1653284A230C00C82F77 /* Preview Assets.xcassets */,
			);
			path = "Preview Content";
			sourceTree = "<group>";
		};
		BA6F165D284A230D00C82F77 /* PizzaTests */ = {
			isa = PBXGroup;
			children = (
				BA6F165E284A230D00C82F77 /* PizzaTests.swift */,
				BA6F1660284A230D00C82F77 /* Info.plist */,
			);
			path = PizzaTests;
			sourceTree = "<group>";
		};
		BA6F1668284A230D00C82F77 /* PizzaUITests */ = {
			isa = PBXGroup;
			children = (
				BA6F1669284A230D00C82F77 /* PizzaUITests.swift */,
				BA6F166B284A230D00C82F77 /* Info.plist */,
			);
			path = PizzaUITests;
			sourceTree = "<group>";
		};
/* End PBXGroup section */

/* Begin PBXNativeTarget section */
		BA6F1648284A230B00C82F77 /* Pizza */ = {
			isa = PBXNativeTarget;
			buildConfigurationList = BA6F166E284A230D00C82F77 /* Build configuration list for PBXNativeTarget "Pizza" */;
			buildPhases = (
				BA6F1645284A230B00C82F77 /* Sources */,
				BA6F1646284A230B00C82F77 /* Frameworks */,
				BA6F1647284A230B00C82F77 /* Resources */,
			);
			buildRules = (
			);
			dependencies = (
			);
			name = Pizza;
			productName = Pizza;
			productReference = BA6F1649284A230B00C82F77 /* Pizza.app */;
			productType = "com.apple.product-type.application";
		};
		BA6F1659284A230D00C82F77 /* PizzaTests */ = {
			isa = PBXNativeTarget;
			buildConfigurationList = BA6F1671284A230D00C82F77 /* Build configuration list for PBXNativeTarget "PizzaTests" */;
			buildPhases = (
				BA6F1656284A230D00C82F77 /* Sources */,
				BA6F1657284A230D00C82F77 /* Frameworks */,
				BA6F1658284A230D00C82F77 /* Resources */,
			);
			buildRules = (
			);
			dependencies = (
				BA6F165C284A230D00C82F77 /* PBXTargetDependency */,
			);
			name = PizzaTests;
			productName = PizzaTests;
			productReference = BA6F165A284A230D00C82F77 /* PizzaTests.xctest */;
			productType = "com.apple.product-type.bundle.unit-test";
		};
		BA6F1664284A230D00C82F77 /* PizzaUITests */ = {
			isa = PBXNativeTarget;
			buildConfigurationList = BA6F1674284A230D00C82F77 /* Build configuration list for PBXNativeTarget "PizzaUITests" */;
			buildPhases = (
				BA6F1661284A230D00C82F77 /* Sources */,
				BA6F1662284A230D00C82F77 /* Frameworks */,
				BA6F1663284A230D00C82F77 /* Resources */,
			);
			buildRules = (
			);
			dependencies = (
				BA6F1667284A230D00C82F77 /* PBXTargetDependency */,
			);
			name = PizzaUITests;
			productName = PizzaUITests;
			productReference = BA6F1665284A230D00C82F77 /* PizzaUITests.xctest */;
			productType = "com.apple.product-type.bundle.ui-testing";
		};
/* End PBXNativeTarget section */

/* Begin PBXProject section */
		BA6F1641284A230B00C82F77 /* Project object */ = {
			isa = PBXProject;
			attributes = {
				LastSwiftUpdateCheck = 1240;
				LastUpgradeCheck = 1240;
				TargetAttributes = {
					BA6F1648284A230B00C82F77 = {
						CreatedOnToolsVersion = 12.4;
					};
					BA6F1659284A230D00C82F77 = {
						CreatedOnToolsVersion = 12.4;
						TestTargetID = BA6F1648284A230B00C82F77;
					};
					BA6F1664284A230D00C82F77 = {
						CreatedOnToolsVersion = 12.4;
						TestTargetID = BA6F1648284A230B00C82F77;
					};
				};
			};
			buildConfigurationList = BA6F1644284A230B00C82F77 /* Build configuration list for PBXProject "Pizza" */;
			compatibilityVersion = "Xcode 9.3";
			developmentRegion = en;
			hasScannedForEncodings = 0;
			knownRegions = (
				en,
				Base,
			);
			mainGroup = BA6F1640284A230B00C82F77;
			productRefGroup = BA6F164A284A230B00C82F77 /* Products */;
			projectDirPath = "";
			projectRoot = "";
			targets = (
				BA6F1648284A230B00C82F77 /* Pizza */,
				BA6F1659284A230D00C82F77 /* PizzaTests */,
				BA6F1664284A230D00C82F77 /* PizzaUITests */,
			);
		};
/* End PBXProject section */

/* Begin PBXResourcesBuildPhase section */
		BA6F1647284A230B00C82F77 /* Resources */ = {
			isa = PBXResourcesBuildPhase;
			buildActionMask = 2147483647;
			files = (
				BA6F1654284A230C00C82F77 /* Preview Assets.xcassets in Resources */,
				BA6F1651284A230C00C82F77 /* Assets.xcassets in Resources */,
			);
			runOnlyForDeploymentPostprocessing = 0;
		};
		BA6F1658284A230D00C82F77 /* Resources */ = {
			isa = PBXResourcesBuildPhase;
			buildActionMask = 2147483647;
			files = (
			);
			runOnlyForDeploymentPostprocessing = 0;
		};
		BA6F1663284A230D00C82F77 /* Resources */ = {
			isa = PBXResourcesBuildPhase;
			buildActionMask = 2147483647;
			files = (
			);
			runOnlyForDeploymentPostprocessing = 0;
		};
/* End PBXResourcesBuildPhase section */

/* Begin PBXSourcesBuildPhase section */
		BA6F1645284A230B00C82F77 /* Sources */ = {
			isa = PBXSourcesBuildPhase;
			buildActionMask = 2147483647;
			files = (
				BA6F164F284A230B00C82F77 /* ContentView.swift in Sources */,
				BA6F164D284A230B00C82F77 /* PizzaApp.swift in Sources */,
			);
			runOnlyForDeploymentPostprocessing = 0;
		};
		BA6F1656284A230D00C82F77 /* Sources */ = {
			isa = PBXSourcesBuildPhase;
			buildActionMask = 2147483647;
			files = (
				BA6F165F284A230D00C82F77 /* PizzaTests.swift in Sources */,
			);
			runOnlyForDeploymentPostprocessing = 0;
		};
		BA6F1661284A230D00C82F77 /* Sources */ = {
			isa = PBXSourcesBuildPhase;
			buildActionMask = 2147483647;
			files = (
				BA6F166A284A230D00C82F77 /* PizzaUITests.swift in Sources */,
			);
			runOnlyForDeploymentPostprocessing = 0;
		};
/* End PBXSourcesBuildPhase section */

/* Begin PBXTargetDependency section */
		BA6F165C284A230D00C82F77 /* PBXTargetDependency */ = {
			isa = PBXTargetDependency;
			target = BA6F1648284A230B00C82F77 /* Pizza */;
			targetProxy = BA6F165B284A230D00C82F77 /* PBXContainerItemProxy */;
		};
		BA6F1667284A230D00C82F77 /* PBXTargetDependency */ = {
			isa = PBXTargetDependency;
			target = BA6F1648284A230B00C82F77 /* Pizza */;
			targetProxy = BA6F1666284A230D00C82F77 /* PBXContainerItemProxy */;
		};
/* End PBXTargetDependency section */

/* Begin XCBuildConfiguration section */
		BA6F166C284A230D00C82F77 /* Debug */ = {
			isa = XCBuildConfiguration;
			buildSettings = {
				ALWAYS_SEARCH_USER_PATHS = NO;
				CLANG_ANALYZER_NONNULL = YES;
				CLANG_ANALYZER_NUMBER_OBJECT_CONVERSION = YES_AGGRESSIVE;
				CLANG_CXX_LANGUAGE_STANDARD = "gnu++14";
				CLANG_CXX_LIBRARY = "libc++";
				CLANG_ENABLE_MODULES = YES;
				CLANG_ENABLE_OBJC_ARC = YES;
				CLANG_ENABLE_OBJC_WEAK = YES;
				CLANG_WARN_BLOCK_CAPTURE_AUTORELEASING = YES;
				CLANG_WARN_BOOL_CONVERSION = YES;
				CLANG_WARN_COMMA = YES;
				CLANG_WARN_CONSTANT_CONVERSION = YES;
				CLANG_WARN_DEPRECATED_OBJC_IMPLEMENTATIONS = YES;
				CLANG_WARN_DIRECT_OBJC_ISA_USAGE = YES_ERROR;
				CLANG_WARN_DOCUMENTATION_COMMENTS = YES;
				CLANG_WARN_EMPTY_BODY = YES;
				CLANG_WARN_ENUM_CONVERSION = YES;
				CLANG_WARN_INFINITE_RECURSION = YES;
				CLANG_WARN_INT_CONVERSION = YES;
				CLANG_WARN_NON_LITERAL_NULL_CONVERSION = YES;
				CLANG_WARN_OBJC_IMPLICIT_RETAIN_SELF = YES;
				CLANG_WARN_OBJC_LITERAL_CONVERSION = YES;
				CLANG_WARN_OBJC_ROOT_CLASS = YES_ERROR;
				CLANG_WARN_QUOTED_INCLUDE_IN_FRAMEWORK_HEADER = YES;
				CLANG_WARN_RANGE_LOOP_ANALYSIS = YES;
				CLANG_WARN_STRICT_PROTOTYPES = YES;
				CLANG_WARN_SUSPICIOUS_MOVE = YES;
				CLANG_WARN_UNGUARDED_AVAILABILITY = YES_AGGRESSIVE;
				CLANG_WARN_UNREACHABLE_CODE = YES;
				CLANG_WARN__DUPLICATE_METHOD_MATCH = YES;
				COPY_PHASE_STRIP = NO;
				DEBUG_INFORMATION_FORMAT = dwarf;
				ENABLE_STRICT_OBJC_MSGSEND = YES;
				ENABLE_TESTABILITY = YES;
				GCC_C_LANGUAGE_STANDARD = gnu11;
				GCC_DYNAMIC_NO_PIC = NO;
				GCC_NO_COMMON_BLOCKS = YES;
				GCC_OPTIMIZATION_LEVEL = 0;
				GCC_PREPROCESSOR_DEFINITIONS = (
					"DEBUG=1",
					"$(inherited)",
				);
				GCC_WARN_64_TO_32_BIT_CONVERSION = YES;
				GCC_WARN_ABOUT_RETURN_TYPE = YES_ERROR;
				GCC_WARN_UNDECLARED_SELECTOR = YES;
				GCC_WARN_UNINITIALIZED_AUTOS = YES_AGGRESSIVE;
				GCC_WARN_UNUSED_FUNCTION = YES;
				GCC_WARN_UNUSED_VARIABLE = YES;
				IPHONEOS_DEPLOYMENT_TARGET = 14.4;
				MTL_ENABLE_DEBUG_INFO = INCLUDE_SOURCE;
				MTL_FAST_MATH = YES;
				ONLY_ACTIVE_ARCH = YES;
				SDKROOT = iphoneos;
				SWIFT_ACTIVE_COMPILATION_CONDITIONS = DEBUG;
				SWIFT_OPTIMIZATION_LEVEL = "-Onone";
			};
			name = Debug;
		};
		BA6F166D284A230D00C82F77 /* Release */ = {
			isa = XCBuildConfiguration;
			buildSettings = {
				ALWAYS_SEARCH_USER_PATHS = NO;
				CLANG_ANALYZER_NONNULL = YES;
				CLANG_ANALYZER_NUMBER_OBJECT_CONVERSION = YES_AGGRESSIVE;
				CLANG_CXX_LANGUAGE_STANDARD = "gnu++14";
				CLANG_CXX_LIBRARY = "libc++";
				CLANG_ENABLE_MODULES = YES;
				CLANG_ENABLE_OBJC_ARC = YES;
				CLANG_ENABLE_OBJC_WEAK = YES;
				CLANG_WARN_BLOCK_CAPTURE_AUTORELEASING = YES;
				CLANG_WARN_BOOL_CONVERSION = YES;
				CLANG_WARN_COMMA = YES;
				CLANG_WARN_CONSTANT_CONVERSION = YES;
				CLANG_WARN_DEPRECATED_OBJC_IMPLEMENTATIONS = YES;
				CLANG_WARN_DIRECT_OBJC_ISA_USAGE = YES_ERROR;
				CLANG_WARN_DOCUMENTATION_COMMENTS = YES;
				CLANG_WARN_EMPTY_BODY = YES;
				CLANG_WARN_ENUM_CONVERSION = YES;
				CLANG_WARN_INFINITE_RECURSION = YES;
				CLANG_WARN_INT_CONVERSION = YES;
				CLANG_WARN_NON_LITERAL_NULL_CONVERSION = YES;
				CLANG_WARN_OBJC_IMPLICIT_RETAIN_SELF = YES;
				CLANG_WARN_OBJC_LITERAL_CONVERSION = YES;
				CLANG_WARN_OBJC_ROOT_CLASS = YES_ERROR;
				CLANG_WARN_QUOTED_INCLUDE_IN_FRAMEWORK_HEADER = YES;
				CLANG_WARN_RANGE_LOOP_ANALYSIS = YES;
				CLANG_WARN_STRICT_PROTOTYPES = YES;
				CLANG_WARN_SUSPICIOUS_MOVE = YES;
				CLANG_WARN_UNGUARDED_AVAILABILITY = YES_AGGRESSIVE;
				CLANG_WARN_UNREACHABLE_CODE = YES;
				CLANG_WARN__DUPLICATE_METHOD_MATCH = YES;
				COPY_PHASE_STRIP = NO;
				DEBUG_INFORMATION_FORMAT = "dwarf-with-dsym";
				ENABLE_NS_ASSERTIONS = NO;
				ENABLE_STRICT_OBJC_MSGSEND = YES;
				GCC_C_LANGUAGE_STANDARD = gnu11;
				GCC_NO_COMMON_BLOCKS = YES;
				GCC_WARN_64_TO_32_BIT_CONVERSION = YES;
				GCC_WARN_ABOUT_RETURN_TYPE = YES_ERROR;
				GCC_WARN_UNDECLARED_SELECTOR = YES;
				GCC_WARN_UNINITIALIZED_AUTOS = YES_AGGRESSIVE;
				GCC_WARN_UNUSED_FUNCTION = YES;
				GCC_WARN_UNUSED_VARIABLE = YES;
				IPHONEOS_DEPLOYMENT_TARGET = 14.4;
				MTL_ENABLE_DEBUG_INFO = NO;
				MTL_FAST_MATH = YES;
				SDKROOT = iphoneos;
				SWIFT_COMPILATION_MODE = wholemodule;
				SWIFT_OPTIMIZATION_LEVEL = "-O";
				VALIDATE_PRODUCT = YES;
			};
			name = Release;
		};
		BA6F166F284A230D00C82F77 /* Debug */ = {
			isa = XCBuildConfiguration;
			buildSettings = {
				ASSETCATALOG_COMPILER_APPICON_NAME = AppIcon;
				ASSETCATALOG_COMPILER_GLOBAL_ACCENT_COLOR_NAME = AccentColor;
				CODE_SIGN_STYLE = Automatic;
				DEVELOPMENT_ASSET_PATHS = "\"Pizza/Preview Content\"";
				DEVELOPMENT_TEAM = G4865H7F96;
				ENABLE_PREVIEWS = YES;
				INFOPLIST_FILE = Pizza/Info.plist;
				IPHONEOS_DEPLOYMENT_TARGET = 14.0;
				LD_RUNPATH_SEARCH_PATHS = (
					"$(inherited)",
					"@executable_path/Frameworks",
				);
				PRODUCT_BUNDLE_IDENTIFIER = com.akshay.Pizza;
				PRODUCT_NAME = "$(TARGET_NAME)";
				SWIFT_VERSION = 5.0;
				TARGETED_DEVICE_FAMILY = "1,2";
			};
			name = Debug;
		};
		BA6F1670284A230D00C82F77 /* Release */ = {
			isa = XCBuildConfiguration;
			buildSettings = {
				ASSETCATALOG_COMPILER_APPICON_NAME = AppIcon;
				ASSETCATALOG_COMPILER_GLOBAL_ACCENT_COLOR_NAME = AccentColor;
				CODE_SIGN_STYLE = Automatic;
				DEVELOPMENT_ASSET_PATHS = "\"Pizza/Preview Content\"";
				DEVELOPMENT_TEAM = G4865H7F96;
				ENABLE_PREVIEWS = YES;
				INFOPLIST_FILE = Pizza/Info.plist;
				IPHONEOS_DEPLOYMENT_TARGET = 14.0;
				LD_RUNPATH_SEARCH_PATHS = (
					"$(inherited)",
					"@executable_path/Frameworks",
				);
				PRODUCT_BUNDLE_IDENTIFIER = com.akshay.Pizza;
				PRODUCT_NAME = "$(TARGET_NAME)";
				SWIFT_VERSION = 5.0;
				TARGETED_DEVICE_FAMILY = "1,2";
			};
			name = Release;
		};
		BA6F1672284A230D00C82F77 /* Debug */ = {
			isa = XCBuildConfiguration;
			buildSettings = {
				ALWAYS_EMBED_SWIFT_STANDARD_LIBRARIES = YES;
				BUNDLE_LOADER = "$(TEST_HOST)";
				CODE_SIGN_STYLE = Automatic;
				DEVELOPMENT_TEAM = G4865H7F96;
				INFOPLIST_FILE = PizzaTests/Info.plist;
				IPHONEOS_DEPLOYMENT_TARGET = 14.0;
				LD_RUNPATH_SEARCH_PATHS = (
					"$(inherited)",
					"@executable_path/Frameworks",
					"@loader_path/Frameworks",
				);
				PRODUCT_BUNDLE_IDENTIFIER = com.akshay.PizzaTests;
				PRODUCT_NAME = "$(TARGET_NAME)";
				SWIFT_VERSION = 5.0;
				TARGETED_DEVICE_FAMILY = "1,2";
				TEST_HOST = "$(BUILT_PRODUCTS_DIR)/Pizza.app/Pizza";
			};
			name = Debug;
		};
		BA6F1673284A230D00C82F77 /* Release */ = {
			isa = XCBuildConfiguration;
			buildSettings = {
				ALWAYS_EMBED_SWIFT_STANDARD_LIBRARIES = YES;
				BUNDLE_LOADER = "$(TEST_HOST)";
				CODE_SIGN_STYLE = Automatic;
				DEVELOPMENT_TEAM = G4865H7F96;
				INFOPLIST_FILE = PizzaTests/Info.plist;
				IPHONEOS_DEPLOYMENT_TARGET = 14.0;
				LD_RUNPATH_SEARCH_PATHS = (
					"$(inherited)",
					"@executable_path/Frameworks",
					"@loader_path/Frameworks",
				);
				PRODUCT_BUNDLE_IDENTIFIER = com.akshay.PizzaTests;
				PRODUCT_NAME = "$(TARGET_NAME)";
				SWIFT_VERSION = 5.0;
				TARGETED_DEVICE_FAMILY = "1,2";
				TEST_HOST = "$(BUILT_PRODUCTS_DIR)/Pizza.app/Pizza";
			};
			name = Release;
		};
		BA6F1675284A230D00C82F77 /* Debug */ = {
			isa = XCBuildConfiguration;
			buildSettings = {
				ALWAYS_EMBED_SWIFT_STANDARD_LIBRARIES = YES;
				CODE_SIGN_STYLE = Automatic;
				DEVELOPMENT_TEAM = G4865H7F96;
				INFOPLIST_FILE = PizzaUITests/Info.plist;
				LD_RUNPATH_SEARCH_PATHS = (
					"$(inherited)",
					"@executable_path/Frameworks",
					"@loader_path/Frameworks",
				);
				PRODUCT_BUNDLE_IDENTIFIER = com.akshay.PizzaUITests;
				PRODUCT_NAME = "$(TARGET_NAME)";
				SWIFT_VERSION = 5.0;
				TARGETED_DEVICE_FAMILY = "1,2";
				TEST_TARGET_NAME = Pizza;
			};
			name = Debug;
		};
		BA6F1676284A230D00C82F77 /* Release */ = {
			isa = XCBuildConfiguration;
			buildSettings = {
				ALWAYS_EMBED_SWIFT_STANDARD_LIBRARIES = YES;
				CODE_SIGN_STYLE = Automatic;
				DEVELOPMENT_TEAM = G4865H7F96;
				INFOPLIST_FILE = PizzaUITests/Info.plist;
				LD_RUNPATH_SEARCH_PATHS = (
					"$(inherited)",
					"@executable_path/Frameworks",
					"@loader_path/Frameworks",
				);
				PRODUCT_BUNDLE_IDENTIFIER = com.akshay.PizzaUITests;
				PRODUCT_NAME = "$(TARGET_NAME)";
				SWIFT_VERSION = 5.0;
				TARGETED_DEVICE_FAMILY = "1,2";
				TEST_TARGET_NAME = Pizza;
			};
			name = Release;
		};
/* End XCBuildConfiguration section */

/* Begin XCConfigurationList section */
		BA6F1644284A230B00C82F77 /* Build configuration list for PBXProject "Pizza" */ = {
			isa = XCConfigurationList;
			buildConfigurations = (
				BA6F166C284A230D00C82F77 /* Debug */,
				BA6F166D284A230D00C82F77 /* Release */,
			);
			defaultConfigurationIsVisible = 0;
			defaultConfigurationName = Release;
		};
		BA6F166E284A230D00C82F77 /* Build configuration list for PBXNativeTarget "Pizza" */ = {
			isa = XCConfigurationList;
			buildConfigurations = (
				BA6F166F284A230D00C82F77 /* Debug */,
				BA6F1670284A230D00C82F77 /* Release */,
			);
			defaultConfigurationIsVisible = 0;
			defaultConfigurationName = Release;
		};
		BA6F1671284A230D00C82F77 /* Build configuration list for PBXNativeTarget "PizzaTests" */ = {
			isa = XCConfigurationList;
			buildConfigurations = (
				BA6F1672284A230D00C82F77 /* Debug */,
				BA6F1673284A230D00C82F77 /* Release */,
			);
			defaultConfigurationIsVisible = 0;
			defaultConfigurationName = Release;
		};
		BA6F1674284A230D00C82F77 /* Build configuration list for PBXNativeTarget "PizzaUITests" */ = {
			isa = XCConfigurationList;
			buildConfigurations = (
				BA6F1675284A230D00C82F77 /* Debug */,
				BA6F1676284A230D00C82F77 /* Release */,
			);
			defaultConfigurationIsVisible = 0;
			defaultConfigurationName = Release;
		};
/* End XCConfigurationList section */
	};
	rootObject = BA6F1641284A230B00C82F77 /* Project object */;
}
